
Microsoft Visual Studio Solution File, Format Version 12.00
# Visual Studio Version 16
VisualStudioVersion = 16.0.30128.74
MinimumVisualStudioVersion = 10.0.40219.1
Project("{FAE04EC0-301F-11D3-BF4B-00C04F79EFBC}") = "BodyMass", "BodyMass\BodyMass.csproj", "{BBEB5FF6-8773-4D64-934E-CC3D64D6B8F4}"
EndProject
Global
	GlobalSection(SolutionConfigurationPlatforms) = preSolution
		Debug|Any CPU = Debug|Any CPU
		Release|Any CPU = Release|Any CPU
	EndGlobalSection
	GlobalSection(ProjectConfigurationPlatforms) = postSolution
		{BBEB5FF6-8773-4D64-934E-CC3D64D6B8F4}.Debug|Any CPU.ActiveCfg = Debug|Any CPU
		{BBEB5FF6-8773-4D64-934E-CC3D64D6B8F4}.Debug|Any CPU.Build.0 = Debug|Any CPU
		{BBEB5FF6-8773-4D64-934E-CC3D64D6B8F4}.Release|Any CPU.ActiveCfg = Release|Any CPU
		{BBEB5FF6-8773-4D64-934E-CC3D64D6B8F4}.Release|Any CPU.Build.0 = Release|Any CPU
	EndGlobalSection
	GlobalSection(SolutionProperties) = preSolution
		HideSolutionNode = FALSE
	EndGlobalSection
	GlobalSection(ExtensibilityGlobals) = postSolution
		SolutionGuid = {513D1019-D464-4B7E-A062-98A1C7FFCAFE}
	EndGlobalSection
EndGlobal
